
Microsoft Visual Studio Solution File, Format Version 12.00
# Visual Studio 15
VisualStudioVersion = 15.0.27130.2036
MinimumVisualStudioVersion = 10.0.40219.1
Project("{FAE04EC0-301F-11D3-BF4B-00C04F79EFBC}") = "SimpleService", "SimpleService\SimpleService.csproj", "{0FA0FF66-0EA9-4307-A202-AE105CDEB549}"
EndProject
Project("{FAE04EC0-301F-11D3-BF4B-00C04F79EFBC}") = "SimpleService.Tests", "SimpleService.Tests\SimpleService.Tests.csproj", "{6BE1D0E9-6DA4-4751-8AA0-01AE91659040}"
EndProject
Global
	GlobalSection(SolutionConfigurationPlatforms) = preSolution
		Debug|Any CPU = Debug|Any CPU
		Release|Any CPU = Release|Any CPU
	EndGlobalSection
	GlobalSection(ProjectConfigurationPlatforms) = postSolution
		{0FA0FF66-0EA9-4307-A202-AE105CDEB549}.Debug|Any CPU.ActiveCfg = Debug|Any CPU
		{0FA0FF66-0EA9-4307-A202-AE105CDEB549}.Debug|Any CPU.Build.0 = Debug|Any CPU
		{0FA0FF66-0EA9-4307-A202-AE105CDEB549}.Release|Any CPU.ActiveCfg = Release|Any CPU
		{0FA0FF66-0EA9-4307-A202-AE105CDEB549}.Release|Any CPU.Build.0 = Release|Any CPU
		{6BE1D0E9-6DA4-4751-8AA0-01AE91659040}.Debug|Any CPU.ActiveCfg = Debug|Any CPU
		{6BE1D0E9-6DA4-4751-8AA0-01AE91659040}.Debug|Any CPU.Build.0 = Debug|Any CPU
		{6BE1D0E9-6DA4-4751-8AA0-01AE91659040}.Release|Any CPU.ActiveCfg = Release|Any CPU
		{6BE1D0E9-6DA4-4751-8AA0-01AE91659040}.Release|Any CPU.Build.0 = Release|Any CPU
	EndGlobalSection
	GlobalSection(SolutionProperties) = preSolution
		HideSolutionNode = FALSE
	EndGlobalSection
	GlobalSection(ExtensibilityGlobals) = postSolution
		SolutionGuid = {969332C6-F754-484E-AF3A-2BBCA96B9765}
	EndGlobalSection
EndGlobal
